
Microsoft Visual Studio Solution File, Format Version 12.00
# Visual Studio Version 16
VisualStudioVersion = 16.0.31402.337
MinimumVisualStudioVersion = 10.0.40219.1
Project("{FAE04EC0-301F-11D3-BF4B-00C04F79EFBC}") = "GiphyAssignment", "GiphyAssignment.csproj", "{16BFED35-7E63-4060-834E-E19126613C60}"
EndProject
Project("{FAE04EC0-301F-11D3-BF4B-00C04F79EFBC}") = "Lib", "..\Lib\Lib.csproj", "{A9D348DF-AE14-4184-8B57-F6FB480C9FE9}"
EndProject
Global
	GlobalSection(SolutionConfigurationPlatforms) = preSolution
		Debug|Any CPU = Debug|Any CPU
		Release|Any CPU = Release|Any CPU
	EndGlobalSection
	GlobalSection(ProjectConfigurationPlatforms) = postSolution
		{16BFED35-7E63-4060-834E-E19126613C60}.Debug|Any CPU.ActiveCfg = Debug|Any CPU
		{16BFED35-7E63-4060-834E-E19126613C60}.Debug|Any CPU.Build.0 = Debug|Any CPU
		{16BFED35-7E63-4060-834E-E19126613C60}.Release|Any CPU.ActiveCfg = Release|Any CPU
		{16BFED35-7E63-4060-834E-E19126613C60}.Release|Any CPU.Build.0 = Release|Any CPU
		{A9D348DF-AE14-4184-8B57-F6FB480C9FE9}.Debug|Any CPU.ActiveCfg = Debug|Any CPU
		{A9D348DF-AE14-4184-8B57-F6FB480C9FE9}.Debug|Any CPU.Build.0 = Debug|Any CPU
		{A9D348DF-AE14-4184-8B57-F6FB480C9FE9}.Release|Any CPU.ActiveCfg = Release|Any CPU
		{A9D348DF-AE14-4184-8B57-F6FB480C9FE9}.Release|Any CPU.Build.0 = Release|Any CPU
	EndGlobalSection
	GlobalSection(SolutionProperties) = preSolution
		HideSolutionNode = FALSE
	EndGlobalSection
	GlobalSection(ExtensibilityGlobals) = postSolution
		SolutionGuid = {B73BF0EA-A6D7-4B0E-989D-D2AD3D7D97A3}
	EndGlobalSection
EndGlobal
